
Microsoft Visual Studio Solution File, Format Version 12.00
# Visual Studio Version 16
VisualStudioVersion = 16.0.31129.286
MinimumVisualStudioVersion = 10.0.40219.1
Project("{FAE04EC0-301F-11D3-BF4B-00C04F79EFBC}") = "thisisCSharp3", "thisisCSharp3\thisisCSharp3.csproj", "{933E5568-F865-4BCF-9470-383C7CB79313}"
EndProject
Global
	GlobalSection(SolutionConfigurationPlatforms) = preSolution
		Debug|Any CPU = Debug|Any CPU
		Release|Any CPU = Release|Any CPU
	EndGlobalSection
	GlobalSection(ProjectConfigurationPlatforms) = postSolution
		{933E5568-F865-4BCF-9470-383C7CB79313}.Debug|Any CPU.ActiveCfg = Debug|Any CPU
		{933E5568-F865-4BCF-9470-383C7CB79313}.Debug|Any CPU.Build.0 = Debug|Any CPU
		{933E5568-F865-4BCF-9470-383C7CB79313}.Release|Any CPU.ActiveCfg = Release|Any CPU
		{933E5568-F865-4BCF-9470-383C7CB79313}.Release|Any CPU.Build.0 = Release|Any CPU
	EndGlobalSection
	GlobalSection(SolutionProperties) = preSolution
		HideSolutionNode = FALSE
	EndGlobalSection
	GlobalSection(ExtensibilityGlobals) = postSolution
		SolutionGuid = {ABF3B1F8-7BE1-4293-A552-1125F835F6B1}
	EndGlobalSection
EndGlobal
