
Microsoft Visual Studio Solution File, Format Version 12.00
# Visual Studio Version 16
VisualStudioVersion = 16.0.31005.135
MinimumVisualStudioVersion = 10.0.40219.1
Project("{FAE04EC0-301F-11D3-BF4B-00C04F79EFBC}") = "ThisisCSharp4", "ThisisCSharp4\ThisisCSharp4.csproj", "{DDF1895C-EAD0-431F-8C84-653C7CCCA7D2}"
EndProject
Global
	GlobalSection(SolutionConfigurationPlatforms) = preSolution
		Debug|Any CPU = Debug|Any CPU
		Release|Any CPU = Release|Any CPU
	EndGlobalSection
	GlobalSection(ProjectConfigurationPlatforms) = postSolution
		{DDF1895C-EAD0-431F-8C84-653C7CCCA7D2}.Debug|Any CPU.ActiveCfg = Debug|Any CPU
		{DDF1895C-EAD0-431F-8C84-653C7CCCA7D2}.Debug|Any CPU.Build.0 = Debug|Any CPU
		{DDF1895C-EAD0-431F-8C84-653C7CCCA7D2}.Release|Any CPU.ActiveCfg = Release|Any CPU
		{DDF1895C-EAD0-431F-8C84-653C7CCCA7D2}.Release|Any CPU.Build.0 = Release|Any CPU
	EndGlobalSection
	GlobalSection(SolutionProperties) = preSolution
		HideSolutionNode = FALSE
	EndGlobalSection
	GlobalSection(ExtensibilityGlobals) = postSolution
		SolutionGuid = {7B23C326-B9A6-40F3-BB7C-28CF9EDF8118}
	EndGlobalSection
EndGlobal
