
Microsoft Visual Studio Solution File, Format Version 12.00
# Visual Studio Version 16
VisualStudioVersion = 16.0.31129.286
MinimumVisualStudioVersion = 10.0.40219.1
Project("{FAE04EC0-301F-11D3-BF4B-00C04F79EFBC}") = "ThisisCSharp5", "ThisisCSharp5\ThisisCSharp5.csproj", "{3D3038D6-5442-4D1B-A80B-6ACE76381998}"
EndProject
Global
	GlobalSection(SolutionConfigurationPlatforms) = preSolution
		Debug|Any CPU = Debug|Any CPU
		Release|Any CPU = Release|Any CPU
	EndGlobalSection
	GlobalSection(ProjectConfigurationPlatforms) = postSolution
		{3D3038D6-5442-4D1B-A80B-6ACE76381998}.Debug|Any CPU.ActiveCfg = Debug|Any CPU
		{3D3038D6-5442-4D1B-A80B-6ACE76381998}.Debug|Any CPU.Build.0 = Debug|Any CPU
		{3D3038D6-5442-4D1B-A80B-6ACE76381998}.Release|Any CPU.ActiveCfg = Release|Any CPU
		{3D3038D6-5442-4D1B-A80B-6ACE76381998}.Release|Any CPU.Build.0 = Release|Any CPU
	EndGlobalSection
	GlobalSection(SolutionProperties) = preSolution
		HideSolutionNode = FALSE
	EndGlobalSection
	GlobalSection(ExtensibilityGlobals) = postSolution
		SolutionGuid = {93E7E8B7-1B09-48C1-AB3C-F5E024AF63C4}
	EndGlobalSection
EndGlobal
